
Microsoft Visual Studio Solution File, Format Version 12.00
# Visual Studio Version 16
VisualStudioVersion = 16.0.31112.23
MinimumVisualStudioVersion = 10.0.40219.1
Project("{FAE04EC0-301F-11D3-BF4B-00C04F79EFBC}") = "Martinus.Outfitter", "Martinus.Outfitter.csproj", "{7ED58FC6-944C-4AAD-B653-F75AA8E5553F}"
EndProject
Global
	GlobalSection(SolutionConfigurationPlatforms) = preSolution
		Debug|Any CPU = Debug|Any CPU
		Release|Any CPU = Release|Any CPU
	EndGlobalSection
	GlobalSection(ProjectConfigurationPlatforms) = postSolution
		{7ED58FC6-944C-4AAD-B653-F75AA8E5553F}.Debug|Any CPU.ActiveCfg = Debug|Any CPU
		{7ED58FC6-944C-4AAD-B653-F75AA8E5553F}.Debug|Any CPU.Build.0 = Debug|Any CPU
		{7ED58FC6-944C-4AAD-B653-F75AA8E5553F}.Release|Any CPU.ActiveCfg = Release|Any CPU
		{7ED58FC6-944C-4AAD-B653-F75AA8E5553F}.Release|Any CPU.Build.0 = Release|Any CPU
	EndGlobalSection
	GlobalSection(SolutionProperties) = preSolution
		HideSolutionNode = FALSE
	EndGlobalSection
	GlobalSection(ExtensibilityGlobals) = postSolution
		SolutionGuid = {2A3DE84D-4983-4B2A-8A59-CCE5EE6C37B0}
	EndGlobalSection
EndGlobal
